
Microsoft Visual Studio Solution File, Format Version 12.00
# Visual Studio Version 17
VisualStudioVersion = 17.1.32407.343
MinimumVisualStudioVersion = 10.0.40219.1
Project("{FAE04EC0-301F-11D3-BF4B-00C04F79EFBC}") = "Ejercicio4", "Ejercicio4.csproj", "{A2EEE1CE-4966-4850-9928-5C0F6F501436}"
EndProject
Project("{FAE04EC0-301F-11D3-BF4B-00C04F79EFBC}") = "LibCerveceria", "LibCerveceria\LibCerveceria.csproj", "{5E0ADB5E-8203-484B-B4B5-B8018445A77F}"
EndProject
Global
	GlobalSection(SolutionConfigurationPlatforms) = preSolution
		Debug|Any CPU = Debug|Any CPU
		Release|Any CPU = Release|Any CPU
	EndGlobalSection
	GlobalSection(ProjectConfigurationPlatforms) = postSolution
		{A2EEE1CE-4966-4850-9928-5C0F6F501436}.Debug|Any CPU.ActiveCfg = Debug|Any CPU
		{A2EEE1CE-4966-4850-9928-5C0F6F501436}.Debug|Any CPU.Build.0 = Debug|Any CPU
		{A2EEE1CE-4966-4850-9928-5C0F6F501436}.Release|Any CPU.ActiveCfg = Release|Any CPU
		{A2EEE1CE-4966-4850-9928-5C0F6F501436}.Release|Any CPU.Build.0 = Release|Any CPU
		{5E0ADB5E-8203-484B-B4B5-B8018445A77F}.Debug|Any CPU.ActiveCfg = Debug|Any CPU
		{5E0ADB5E-8203-484B-B4B5-B8018445A77F}.Debug|Any CPU.Build.0 = Debug|Any CPU
		{5E0ADB5E-8203-484B-B4B5-B8018445A77F}.Release|Any CPU.ActiveCfg = Release|Any CPU
		{5E0ADB5E-8203-484B-B4B5-B8018445A77F}.Release|Any CPU.Build.0 = Release|Any CPU
	EndGlobalSection
	GlobalSection(SolutionProperties) = preSolution
		HideSolutionNode = FALSE
	EndGlobalSection
	GlobalSection(ExtensibilityGlobals) = postSolution
		SolutionGuid = {249AE524-F83F-49BA-A65D-113A90D59A00}
	EndGlobalSection
EndGlobal
